
Microsoft Visual Studio Solution File, Format Version 12.00
# Visual Studio Version 17
VisualStudioVersion = 17.9.34607.119
MinimumVisualStudioVersion = 10.0.40219.1
Project("{FAE04EC0-301F-11D3-BF4B-00C04F79EFBC}") = "TN_Treasury_Portal_03", "TN_Treasury_Portal_03\TN_Treasury_Portal_03.csproj", "{FE0349F2-6091-4150-AFD7-1B01CAA2FBD4}"
EndProject
Global
	GlobalSection(SolutionConfigurationPlatforms) = preSolution
		Debug|Any CPU = Debug|Any CPU
		Release|Any CPU = Release|Any CPU
	EndGlobalSection
	GlobalSection(ProjectConfigurationPlatforms) = postSolution
		{FE0349F2-6091-4150-AFD7-1B01CAA2FBD4}.Debug|Any CPU.ActiveCfg = Debug|Any CPU
		{FE0349F2-6091-4150-AFD7-1B01CAA2FBD4}.Debug|Any CPU.Build.0 = Debug|Any CPU
		{FE0349F2-6091-4150-AFD7-1B01CAA2FBD4}.Release|Any CPU.ActiveCfg = Release|Any CPU
		{FE0349F2-6091-4150-AFD7-1B01CAA2FBD4}.Release|Any CPU.Build.0 = Release|Any CPU
	EndGlobalSection
	GlobalSection(SolutionProperties) = preSolution
		HideSolutionNode = FALSE
	EndGlobalSection
	GlobalSection(ExtensibilityGlobals) = postSolution
		SolutionGuid = {6168BBA5-3B38-4757-A5FA-FE31FFB17BDA}
	EndGlobalSection
EndGlobal
